
Microsoft Visual Studio Solution File, Format Version 12.00
# Visual Studio Version 17
VisualStudioVersion = 17.1.32407.343
MinimumVisualStudioVersion = 10.0.40219.1
Project("{2150E333-8FDC-42A3-9474-1A3956D46DE8}") = "Solution Items", "Solution Items", "{C1ABF30F-4056-43FA-ABF2-3C04E867DEDC}"
	ProjectSection(SolutionItems) = preProject
		global.json = global.json
		README.md = README.md
	EndProjectSection
EndProject
Project("{2150E333-8FDC-42A3-9474-1A3956D46DE8}") = "src", "src", "{ADDBF538-5783-4E70-A12A-A87BF69D812F}"
EndProject
Project("{2150E333-8FDC-42A3-9474-1A3956D46DE8}") = "test", "test", "{366C19D8-3D93-4FBF-87F0-7354F6E65546}"
EndProject
Project("{2150E333-8FDC-42A3-9474-1A3956D46DE8}") = "ApiGateways", "ApiGateways", "{7915CF5C-5924-44F4-B405-7478194D9615}"
EndProject
Project("{2150E333-8FDC-42A3-9474-1A3956D46DE8}") = "BuildingBlocks", "BuildingBlocks", "{6BFAE862-0005-4F13-9039-DD10165737F2}"
EndProject
Project("{2150E333-8FDC-42A3-9474-1A3956D46DE8}") = "Services", "Services", "{A52535BB-5CD1-4CB4-B950-1D12EB0BBBEF}"
EndProject
Project("{2150E333-8FDC-42A3-9474-1A3956D46DE8}") = "WepApps", "WepApps", "{138EC0F0-8AE2-4CFF-B2B4-7731918006A1}"
EndProject
Project("{FAE04EC0-301F-11D3-BF4B-00C04F79EFBC}") = "Common.Logging", "src\BuildingBlocks\Common.Logging\Common.Logging.csproj", "{71F19EA3-B43E-4C6E-A186-1DD078DB1E37}"
EndProject
Project("{FAE04EC0-301F-11D3-BF4B-00C04F79EFBC}") = "EventBus.Messages", "src\BuildingBlocks\EventBus.Messages\EventBus.Messages.csproj", "{32FCFD9F-6D05-49D4-B541-6C953274C70F}"
EndProject
Project("{2150E333-8FDC-42A3-9474-1A3956D46DE8}") = "Product", "Product", "{056957E9-6CB2-49EB-B613-120AA00A0542}"
EndProject
Project("{2150E333-8FDC-42A3-9474-1A3956D46DE8}") = "Customer", "Customer", "{6D08D2CB-9044-42C4-ACC8-6A3E01EC0D17}"
EndProject
Project("{2150E333-8FDC-42A3-9474-1A3956D46DE8}") = "Basket", "Basket", "{EC69F0B4-6F23-4123-8055-B1E6070D98C4}"
EndProject
Project("{2150E333-8FDC-42A3-9474-1A3956D46DE8}") = "Odering", "Odering", "{07F57904-7AD5-42DE-BFE6-D6926F9F2FF8}"
EndProject
Project("{2150E333-8FDC-42A3-9474-1A3956D46DE8}") = "Inventory", "Inventory", "{A26F62B3-037E-4A43-B568-204896B0FA8D}"
EndProject
Project("{2150E333-8FDC-42A3-9474-1A3956D46DE8}") = "ScheduledJob", "ScheduledJob", "{25998BBD-9571-4A42-A05F-610B04872C93}"
EndProject
Project("{FAE04EC0-301F-11D3-BF4B-00C04F79EFBC}") = "WebHealthStatus", "src\WebApps\WebHealthStatus\WebHealthStatus.csproj", "{6B94B2D0-638A-4D0F-B556-C147491961E9}"
EndProject
Project("{FAE04EC0-301F-11D3-BF4B-00C04F79EFBC}") = "Basket.API", "src\Services\Basket.API\Basket.API.csproj", "{93AB401F-96D5-4D92-AAC9-74FB947A4CBE}"
EndProject
Project("{FAE04EC0-301F-11D3-BF4B-00C04F79EFBC}") = "Customer.API", "src\Services\Customer.API\Customer.API.csproj", "{0327790F-A151-4D9A-AE1E-AE1A52029EF3}"
EndProject
Project("{FAE04EC0-301F-11D3-BF4B-00C04F79EFBC}") = "Inventory.Product.API", "src\Services\Inventory.Product.API\Inventory.Product.API.csproj", "{F6BC5717-A666-48D4-B2D9-25A8840344C0}"
EndProject
Project("{FAE04EC0-301F-11D3-BF4B-00C04F79EFBC}") = "Ordering.API", "src\Services\Ordering.API\Ordering.API.csproj", "{784BD936-80F6-459E-83B4-E22C90F058B0}"
EndProject
Project("{FAE04EC0-301F-11D3-BF4B-00C04F79EFBC}") = "Product.API", "src\Services\Product.API\Product.API.csproj", "{C251A4FD-F8EE-4F21-85CE-092D108B58D3}"
EndProject
Project("{FAE04EC0-301F-11D3-BF4B-00C04F79EFBC}") = "Hangfire.API", "src\Services\Hangfire.API\Hangfire.API.csproj", "{E1A1F85D-ECF3-40B0-BEE5-C0AE22799564}"
EndProject
Project("{FAE04EC0-301F-11D3-BF4B-00C04F79EFBC}") = "Contracts", "src\BuildingBlocks\Contracts\Contracts.csproj", "{982A3D1D-F4D2-4480-8795-5CE4E7DE594D}"
EndProject
Project("{FAE04EC0-301F-11D3-BF4B-00C04F79EFBC}") = "Infrastructure", "src\BuildingBlocks\Infrastructure\Infrastructure.csproj", "{3191CE74-DD13-4983-9A62-1FE3F0AAFF0D}"
EndProject
Project("{FAE04EC0-301F-11D3-BF4B-00C04F79EFBC}") = "Shared", "src\BuildingBlocks\Shared\Shared.csproj", "{529F0A1A-AB9B-4D21-9A63-873965E62B47}"
EndProject
Project("{FAE04EC0-301F-11D3-BF4B-00C04F79EFBC}") = "OcelotApiGateway", "src\ApiGateways\OcelotApiGateway\OcelotApiGateway.csproj", "{2A8C4B85-DE74-4A65-A0EA-7B7C0C2C1ADB}"
EndProject
Global
	GlobalSection(SolutionConfigurationPlatforms) = preSolution
		Debug|Any CPU = Debug|Any CPU
		Release|Any CPU = Release|Any CPU
	EndGlobalSection
	GlobalSection(ProjectConfigurationPlatforms) = postSolution
		{71F19EA3-B43E-4C6E-A186-1DD078DB1E37}.Debug|Any CPU.ActiveCfg = Debug|Any CPU
		{71F19EA3-B43E-4C6E-A186-1DD078DB1E37}.Debug|Any CPU.Build.0 = Debug|Any CPU
		{71F19EA3-B43E-4C6E-A186-1DD078DB1E37}.Release|Any CPU.ActiveCfg = Release|Any CPU
		{71F19EA3-B43E-4C6E-A186-1DD078DB1E37}.Release|Any CPU.Build.0 = Release|Any CPU
		{32FCFD9F-6D05-49D4-B541-6C953274C70F}.Debug|Any CPU.ActiveCfg = Debug|Any CPU
		{32FCFD9F-6D05-49D4-B541-6C953274C70F}.Debug|Any CPU.Build.0 = Debug|Any CPU
		{32FCFD9F-6D05-49D4-B541-6C953274C70F}.Release|Any CPU.ActiveCfg = Release|Any CPU
		{32FCFD9F-6D05-49D4-B541-6C953274C70F}.Release|Any CPU.Build.0 = Release|Any CPU
		{6B94B2D0-638A-4D0F-B556-C147491961E9}.Debug|Any CPU.ActiveCfg = Debug|Any CPU
		{6B94B2D0-638A-4D0F-B556-C147491961E9}.Debug|Any CPU.Build.0 = Debug|Any CPU
		{6B94B2D0-638A-4D0F-B556-C147491961E9}.Release|Any CPU.ActiveCfg = Release|Any CPU
		{6B94B2D0-638A-4D0F-B556-C147491961E9}.Release|Any CPU.Build.0 = Release|Any CPU
		{93AB401F-96D5-4D92-AAC9-74FB947A4CBE}.Debug|Any CPU.ActiveCfg = Debug|Any CPU
		{93AB401F-96D5-4D92-AAC9-74FB947A4CBE}.Debug|Any CPU.Build.0 = Debug|Any CPU
		{93AB401F-96D5-4D92-AAC9-74FB947A4CBE}.Release|Any CPU.ActiveCfg = Release|Any CPU
		{93AB401F-96D5-4D92-AAC9-74FB947A4CBE}.Release|Any CPU.Build.0 = Release|Any CPU
		{0327790F-A151-4D9A-AE1E-AE1A52029EF3}.Debug|Any CPU.ActiveCfg = Debug|Any CPU
		{0327790F-A151-4D9A-AE1E-AE1A52029EF3}.Debug|Any CPU.Build.0 = Debug|Any CPU
		{0327790F-A151-4D9A-AE1E-AE1A52029EF3}.Release|Any CPU.ActiveCfg = Release|Any CPU
		{0327790F-A151-4D9A-AE1E-AE1A52029EF3}.Release|Any CPU.Build.0 = Release|Any CPU
		{F6BC5717-A666-48D4-B2D9-25A8840344C0}.Debug|Any CPU.ActiveCfg = Debug|Any CPU
		{F6BC5717-A666-48D4-B2D9-25A8840344C0}.Debug|Any CPU.Build.0 = Debug|Any CPU
		{F6BC5717-A666-48D4-B2D9-25A8840344C0}.Release|Any CPU.ActiveCfg = Release|Any CPU
		{F6BC5717-A666-48D4-B2D9-25A8840344C0}.Release|Any CPU.Build.0 = Release|Any CPU
		{784BD936-80F6-459E-83B4-E22C90F058B0}.Debug|Any CPU.ActiveCfg = Debug|Any CPU
		{784BD936-80F6-459E-83B4-E22C90F058B0}.Debug|Any CPU.Build.0 = Debug|Any CPU
		{784BD936-80F6-459E-83B4-E22C90F058B0}.Release|Any CPU.ActiveCfg = Release|Any CPU
		{784BD936-80F6-459E-83B4-E22C90F058B0}.Release|Any CPU.Build.0 = Release|Any CPU
		{C251A4FD-F8EE-4F21-85CE-092D108B58D3}.Debug|Any CPU.ActiveCfg = Debug|Any CPU
		{C251A4FD-F8EE-4F21-85CE-092D108B58D3}.Debug|Any CPU.Build.0 = Debug|Any CPU
		{C251A4FD-F8EE-4F21-85CE-092D108B58D3}.Release|Any CPU.ActiveCfg = Release|Any CPU
		{C251A4FD-F8EE-4F21-85CE-092D108B58D3}.Release|Any CPU.Build.0 = Release|Any CPU
		{E1A1F85D-ECF3-40B0-BEE5-C0AE22799564}.Debug|Any CPU.ActiveCfg = Debug|Any CPU
		{E1A1F85D-ECF3-40B0-BEE5-C0AE22799564}.Debug|Any CPU.Build.0 = Debug|Any CPU
		{E1A1F85D-ECF3-40B0-BEE5-C0AE22799564}.Release|Any CPU.ActiveCfg = Release|Any CPU
		{E1A1F85D-ECF3-40B0-BEE5-C0AE22799564}.Release|Any CPU.Build.0 = Release|Any CPU
		{982A3D1D-F4D2-4480-8795-5CE4E7DE594D}.Debug|Any CPU.ActiveCfg = Debug|Any CPU
		{982A3D1D-F4D2-4480-8795-5CE4E7DE594D}.Debug|Any CPU.Build.0 = Debug|Any CPU
		{982A3D1D-F4D2-4480-8795-5CE4E7DE594D}.Release|Any CPU.ActiveCfg = Release|Any CPU
		{982A3D1D-F4D2-4480-8795-5CE4E7DE594D}.Release|Any CPU.Build.0 = Release|Any CPU
		{3191CE74-DD13-4983-9A62-1FE3F0AAFF0D}.Debug|Any CPU.ActiveCfg = Debug|Any CPU
		{3191CE74-DD13-4983-9A62-1FE3F0AAFF0D}.Debug|Any CPU.Build.0 = Debug|Any CPU
		{3191CE74-DD13-4983-9A62-1FE3F0AAFF0D}.Release|Any CPU.ActiveCfg = Release|Any CPU
		{3191CE74-DD13-4983-9A62-1FE3F0AAFF0D}.Release|Any CPU.Build.0 = Release|Any CPU
		{529F0A1A-AB9B-4D21-9A63-873965E62B47}.Debug|Any CPU.ActiveCfg = Debug|Any CPU
		{529F0A1A-AB9B-4D21-9A63-873965E62B47}.Debug|Any CPU.Build.0 = Debug|Any CPU
		{529F0A1A-AB9B-4D21-9A63-873965E62B47}.Release|Any CPU.ActiveCfg = Release|Any CPU
		{529F0A1A-AB9B-4D21-9A63-873965E62B47}.Release|Any CPU.Build.0 = Release|Any CPU
		{2A8C4B85-DE74-4A65-A0EA-7B7C0C2C1ADB}.Debug|Any CPU.ActiveCfg = Debug|Any CPU
		{2A8C4B85-DE74-4A65-A0EA-7B7C0C2C1ADB}.Debug|Any CPU.Build.0 = Debug|Any CPU
		{2A8C4B85-DE74-4A65-A0EA-7B7C0C2C1ADB}.Release|Any CPU.ActiveCfg = Release|Any CPU
		{2A8C4B85-DE74-4A65-A0EA-7B7C0C2C1ADB}.Release|Any CPU.Build.0 = Release|Any CPU
	EndGlobalSection
	GlobalSection(SolutionProperties) = preSolution
		HideSolutionNode = FALSE
	EndGlobalSection
	GlobalSection(NestedProjects) = preSolution
		{7915CF5C-5924-44F4-B405-7478194D9615} = {ADDBF538-5783-4E70-A12A-A87BF69D812F}
		{6BFAE862-0005-4F13-9039-DD10165737F2} = {ADDBF538-5783-4E70-A12A-A87BF69D812F}
		{A52535BB-5CD1-4CB4-B950-1D12EB0BBBEF} = {ADDBF538-5783-4E70-A12A-A87BF69D812F}
		{138EC0F0-8AE2-4CFF-B2B4-7731918006A1} = {ADDBF538-5783-4E70-A12A-A87BF69D812F}
		{71F19EA3-B43E-4C6E-A186-1DD078DB1E37} = {6BFAE862-0005-4F13-9039-DD10165737F2}
		{32FCFD9F-6D05-49D4-B541-6C953274C70F} = {6BFAE862-0005-4F13-9039-DD10165737F2}
		{056957E9-6CB2-49EB-B613-120AA00A0542} = {A52535BB-5CD1-4CB4-B950-1D12EB0BBBEF}
		{6D08D2CB-9044-42C4-ACC8-6A3E01EC0D17} = {A52535BB-5CD1-4CB4-B950-1D12EB0BBBEF}
		{EC69F0B4-6F23-4123-8055-B1E6070D98C4} = {A52535BB-5CD1-4CB4-B950-1D12EB0BBBEF}
		{07F57904-7AD5-42DE-BFE6-D6926F9F2FF8} = {A52535BB-5CD1-4CB4-B950-1D12EB0BBBEF}
		{A26F62B3-037E-4A43-B568-204896B0FA8D} = {A52535BB-5CD1-4CB4-B950-1D12EB0BBBEF}
		{25998BBD-9571-4A42-A05F-610B04872C93} = {A52535BB-5CD1-4CB4-B950-1D12EB0BBBEF}
		{6B94B2D0-638A-4D0F-B556-C147491961E9} = {138EC0F0-8AE2-4CFF-B2B4-7731918006A1}
		{93AB401F-96D5-4D92-AAC9-74FB947A4CBE} = {EC69F0B4-6F23-4123-8055-B1E6070D98C4}
		{0327790F-A151-4D9A-AE1E-AE1A52029EF3} = {6D08D2CB-9044-42C4-ACC8-6A3E01EC0D17}
		{F6BC5717-A666-48D4-B2D9-25A8840344C0} = {A26F62B3-037E-4A43-B568-204896B0FA8D}
		{784BD936-80F6-459E-83B4-E22C90F058B0} = {07F57904-7AD5-42DE-BFE6-D6926F9F2FF8}
		{C251A4FD-F8EE-4F21-85CE-092D108B58D3} = {056957E9-6CB2-49EB-B613-120AA00A0542}
		{E1A1F85D-ECF3-40B0-BEE5-C0AE22799564} = {25998BBD-9571-4A42-A05F-610B04872C93}
		{982A3D1D-F4D2-4480-8795-5CE4E7DE594D} = {6BFAE862-0005-4F13-9039-DD10165737F2}
		{3191CE74-DD13-4983-9A62-1FE3F0AAFF0D} = {6BFAE862-0005-4F13-9039-DD10165737F2}
		{529F0A1A-AB9B-4D21-9A63-873965E62B47} = {6BFAE862-0005-4F13-9039-DD10165737F2}
		{2A8C4B85-DE74-4A65-A0EA-7B7C0C2C1ADB} = {7915CF5C-5924-44F4-B405-7478194D9615}
	EndGlobalSection
	GlobalSection(ExtensibilityGlobals) = postSolution
		SolutionGuid = {BD40136E-5ABC-4128-B0EE-6F6EF0DD89C8}
	EndGlobalSection
EndGlobal
